
Microsoft Visual Studio Solution File, Format Version 12.00
# Visual Studio Version 16
VisualStudioVersion = 16.0.30804.86
MinimumVisualStudioVersion = 10.0.40219.1
Project("{FAE04EC0-301F-11D3-BF4B-00C04F79EFBC}") = "SalesWebMvc", "SalesWebMvc\SalesWebMvc.csproj", "{9A005973-D48F-416D-8D05-3519BC20584B}"
EndProject
Global
	GlobalSection(SolutionConfigurationPlatforms) = preSolution
		Debug|Any CPU = Debug|Any CPU
		Release|Any CPU = Release|Any CPU
	EndGlobalSection
	GlobalSection(ProjectConfigurationPlatforms) = postSolution
		{9A005973-D48F-416D-8D05-3519BC20584B}.Debug|Any CPU.ActiveCfg = Debug|Any CPU
		{9A005973-D48F-416D-8D05-3519BC20584B}.Debug|Any CPU.Build.0 = Debug|Any CPU
		{9A005973-D48F-416D-8D05-3519BC20584B}.Release|Any CPU.ActiveCfg = Release|Any CPU
		{9A005973-D48F-416D-8D05-3519BC20584B}.Release|Any CPU.Build.0 = Release|Any CPU
	EndGlobalSection
	GlobalSection(SolutionProperties) = preSolution
		HideSolutionNode = FALSE
	EndGlobalSection
	GlobalSection(ExtensibilityGlobals) = postSolution
		SolutionGuid = {5393D68B-8120-45F5-9E8B-BA8F9115808F}
	EndGlobalSection
EndGlobal
